// !$*UTF8*$!
{
	archiveVersion = 1;
	classes = {
	};
	objectVersion = 46;
	objects = {

/* Begin PBXBuildFile section */
		763D5B981E29145800BA40CC /* main.c in Sources */ = {isa = PBXBuildFile; fileRef = 763D5B971E29145800BA40CC /* main.c */; };
		764D63661E33F85E003FFE61 /* source.c in Sources */ = {isa = PBXBuildFile; fileRef = 764D63641E33F85E003FFE61 /* source.c */; };
/* End PBXBuildFile section */

/* Begin PBXCopyFilesBuildPhase section */
		763D5B921E29145800BA40CC /* CopyFiles */ = {
			isa = PBXCopyFilesBuildPhase;
			buildActionMask = 2147483647;
			dstPath = /usr/share/man/man1/;
			dstSubfolderSpec = 0;
			files = (
			);
			runOnlyForDeploymentPostprocessing = 1;
		};
/* End PBXCopyFilesBuildPhase section */

/* Begin PBXFileReference section */
		763D5B941E29145800BA40CC /* Ckurssi */ = {isa = PBXFileReference; explicitFileType = "compiled.mach-o.executable"; includeInIndex = 0; path = Ckurssi; sourceTree = BUILT_PRODUCTS_DIR; };
		763D5B971E29145800BA40CC /* main.c */ = {isa = PBXFileReference; lastKnownFileType = sourcecode.c.c; path = main.c; sourceTree = "<group>"; };
		764D63641E33F85E003FFE61 /* source.c */ = {isa = PBXFileReference; fileEncoding = 4; lastKnownFileType = sourcecode.c.c; path = source.c; sourceTree = "<group>"; };
		764D63651E33F85E003FFE61 /* source.h */ = {isa = PBXFileReference; fileEncoding = 4; lastKnownFileType = sourcecode.c.h; path = source.h; sourceTree = "<group>"; };
		7655DB5D1E7AB6510082CA9D /* gameoflife */ = {isa = PBXFileReference; lastKnownFileType = folder; name = gameoflife; path = ../gameoflife; sourceTree = "<group>"; };
/* End PBXFileReference section */

/* Begin PBXFrameworksBuildPhase section */
		763D5B911E29145800BA40CC /* Frameworks */ = {
			isa = PBXFrameworksBuildPhase;
			buildActionMask = 2147483647;
			files = (
			);
			runOnlyForDeploymentPostprocessing = 0;
		};
/* End PBXFrameworksBuildPhase section */

/* Begin PBXGroup section */
		763D5B8B1E29145800BA40CC = {
			isa = PBXGroup;
			children = (
				7655DB5D1E7AB6510082CA9D /* gameoflife */,
				763D5B961E29145800BA40CC /* Ckurssi */,
				763D5B951E29145800BA40CC /* Products */,
			);
			sourceTree = "<group>";
		};
		763D5B951E29145800BA40CC /* Products */ = {
			isa = PBXGroup;
			children = (
				763D5B941E29145800BA40CC /* Ckurssi */,
			);
			name = Products;
			sourceTree = "<group>";
		};
		763D5B961E29145800BA40CC /* Ckurssi */ = {
			isa = PBXGroup;
			children = (
				763D5B971E29145800BA40CC /* main.c */,
				764D63641E33F85E003FFE61 /* source.c */,
				764D63651E33F85E003FFE61 /* source.h */,
			);
			path = Ckurssi;
			sourceTree = "<group>";
		};
/* End PBXGroup section */

/* Begin PBXNativeTarget section */
		763D5B931E29145800BA40CC /* Ckurssi */ = {
			isa = PBXNativeTarget;
			buildConfigurationList = 763D5B9B1E29145800BA40CC /* Build configuration list for PBXNativeTarget "Ckurssi" */;
			buildPhases = (
				763D5B901E29145800BA40CC /* Sources */,
				763D5B911E29145800BA40CC /* Frameworks */,
				763D5B921E29145800BA40CC /* CopyFiles */,
			);
			buildRules = (
			);
			dependencies = (
			);
			name = Ckurssi;
			productName = Ckurssi;
			productReference = 763D5B941E29145800BA40CC /* Ckurssi */;
			productType = "com.apple.product-type.tool";
		};
/* End PBXNativeTarget section */

/* Begin PBXProject section */
		763D5B8C1E29145800BA40CC /* Project object */ = {
			isa = PBXProject;
			attributes = {
				LastUpgradeCheck = 0820;
				ORGANIZATIONNAME = "Eelis Pinomaa";
				TargetAttributes = {
					763D5B931E29145800BA40CC = {
						CreatedOnToolsVersion = 7.2.1;
					};
				};
			};
			buildConfigurationList = 763D5B8F1E29145800BA40CC /* Build configuration list for PBXProject "Ckurssi" */;
			compatibilityVersion = "Xcode 3.2";
			developmentRegion = English;
			hasScannedForEncodings = 0;
			knownRegions = (
				en,
			);
			mainGroup = 763D5B8B1E29145800BA40CC;
			productRefGroup = 763D5B951E29145800BA40CC /* Products */;
			projectDirPath = "";
			projectRoot = "";
			targets = (
				763D5B931E29145800BA40CC /* Ckurssi */,
			);
		};
/* End PBXProject section */

/* Begin PBXSourcesBuildPhase section */
		763D5B901E29145800BA40CC /* Sources */ = {
			isa = PBXSourcesBuildPhase;
			buildActionMask = 2147483647;
			files = (
				764D63661E33F85E003FFE61 /* source.c in Sources */,
				763D5B981E29145800BA40CC /* main.c in Sources */,
			);
			runOnlyForDeploymentPostprocessing = 0;
		};
/* End PBXSourcesBuildPhase section */

/* Begin XCBuildConfiguration section */
		763D5B991E29145800BA40CC /* Debug */ = {
			isa = XCBuildConfiguration;
			buildSettings = {
				ALWAYS_SEARCH_USER_PATHS = NO;
				CLANG_CXX_LANGUAGE_STANDARD = "gnu++0x";
				CLANG_CXX_LIBRARY = "libc++";
				CLANG_ENABLE_MODULES = YES;
				CLANG_ENABLE_OBJC_ARC = YES;
				CLANG_WARN_BOOL_CONVERSION = YES;
				CLANG_WARN_CONSTANT_CONVERSION = YES;
				CLANG_WARN_DIRECT_OBJC_ISA_USAGE = YES_ERROR;
				CLANG_WARN_EMPTY_BODY = YES;
				CLANG_WARN_ENUM_CONVERSION = YES;
				CLANG_WARN_INFINITE_RECURSION = YES;
				CLANG_WARN_INT_CONVERSION = YES;
				CLANG_WARN_OBJC_ROOT_CLASS = YES_ERROR;
				CLANG_WARN_SUSPICIOUS_MOVE = YES;
				CLANG_WARN_UNREACHABLE_CODE = YES;
				CLANG_WARN__DUPLICATE_METHOD_MATCH = YES;
				CODE_SIGN_IDENTITY = "-";
				COPY_PHASE_STRIP = NO;
				DEBUG_INFORMATION_FORMAT = dwarf;
				ENABLE_STRICT_OBJC_MSGSEND = YES;
				ENABLE_TESTABILITY = YES;
				GCC_C_LANGUAGE_STANDARD = gnu99;
				GCC_DYNAMIC_NO_PIC = NO;
				GCC_NO_COMMON_BLOCKS = YES;
				GCC_OPTIMIZATION_LEVEL = 0;
				GCC_PREPROCESSOR_DEFINITIONS = (
					"DEBUG=1",
					"$(inherited)",
				);
				GCC_WARN_64_TO_32_BIT_CONVERSION = YES;
				GCC_WARN_ABOUT_RETURN_TYPE = YES_ERROR;
				GCC_WARN_UNDECLARED_SELECTOR = YES;
				GCC_WARN_UNINITIALIZED_AUTOS = YES_AGGRESSIVE;
				GCC_WARN_UNUSED_FUNCTION = YES;
				GCC_WARN_UNUSED_VARIABLE = YES;
				MACOSX_DEPLOYMENT_TARGET = 10.10;
				MTL_ENABLE_DEBUG_INFO = YES;
				ONLY_ACTIVE_ARCH = YES;
				SDKROOT = macosx;
			};
			name = Debug;
		};
		763D5B9A1E29145800BA40CC /* Release */ = {
			isa = XCBuildConfiguration;
			buildSettings = {
				ALWAYS_SEARCH_USER_PATHS = NO;
				CLANG_CXX_LANGUAGE_STANDARD = "gnu++0x";
				CLANG_CXX_LIBRARY = "libc++";
				CLANG_ENABLE_MODULES = YES;
				CLANG_ENABLE_OBJC_ARC = YES;
				CLANG_WARN_BOOL_CONVERSION = YES;
				CLANG_WARN_CONSTANT_CONVERSION = YES;
				CLANG_WARN_DIRECT_OBJC_ISA_USAGE = YES_ERROR;
				CLANG_WARN_EMPTY_BODY = YES;
				CLANG_WARN_ENUM_CONVERSION = YES;
				CLANG_WARN_INFINITE_RECURSION = YES;
				CLANG_WARN_INT_CONVERSION = YES;
				CLANG_WARN_OBJC_ROOT_CLASS = YES_ERROR;
				CLANG_WARN_SUSPICIOUS_MOVE = YES;
				CLANG_WARN_UNREACHABLE_CODE = YES;
				CLANG_WARN__DUPLICATE_METHOD_MATCH = YES;
				CODE_SIGN_IDENTITY = "-";
				COPY_PHASE_STRIP = NO;
				DEBUG_INFORMATION_FORMAT = "dwarf-with-dsym";
				ENABLE_NS_ASSERTIONS = NO;
				ENABLE_STRICT_OBJC_MSGSEND = YES;
				GCC_C_LANGUAGE_STANDARD = gnu99;
				GCC_NO_COMMON_BLOCKS = YES;
				GCC_WARN_64_TO_32_BIT_CONVERSION = YES;
				GCC_WARN_ABOUT_RETURN_TYPE = YES_ERROR;
				GCC_WARN_UNDECLARED_SELECTOR = YES;
				GCC_WARN_UNINITIALIZED_AUTOS = YES_AGGRESSIVE;
				GCC_WARN_UNUSED_FUNCTION = YES;
				GCC_WARN_UNUSED_VARIABLE = YES;
				MACOSX_DEPLOYMENT_TARGET = 10.10;
				MTL_ENABLE_DEBUG_INFO = NO;
				SDKROOT = macosx;
			};
			name = Release;
		};
		763D5B9C1E29145800BA40CC /* Debug */ = {
			isa = XCBuildConfiguration;
			buildSettings = {
				PRODUCT_NAME = "$(TARGET_NAME)";
			};
			name = Debug;
		};
		763D5B9D1E29145800BA40CC /* Release */ = {
			isa = XCBuildConfiguration;
			buildSettings = {
				PRODUCT_NAME = "$(TARGET_NAME)";
			};
			name = Release;
		};
/* End XCBuildConfiguration section */

/* Begin XCConfigurationList section */
		763D5B8F1E29145800BA40CC /* Build configuration list for PBXProject "Ckurssi" */ = {
			isa = XCConfigurationList;
			buildConfigurations = (
				763D5B991E29145800BA40CC /* Debug */,
				763D5B9A1E29145800BA40CC /* Release */,
			);
			defaultConfigurationIsVisible = 0;
			defaultConfigurationName = Release;
		};
		763D5B9B1E29145800BA40CC /* Build configuration list for PBXNativeTarget "Ckurssi" */ = {
			isa = XCConfigurationList;
			buildConfigurations = (
				763D5B9C1E29145800BA40CC /* Debug */,
				763D5B9D1E29145800BA40CC /* Release */,
			);
			defaultConfigurationIsVisible = 0;
			defaultConfigurationName = Release;
		};
/* End XCConfigurationList section */
	};
	rootObject = 763D5B8C1E29145800BA40CC /* Project object */;
}
